
Microsoft Visual Studio Solution File, Format Version 12.00
# Visual Studio Version 17
VisualStudioVersion = 17.5.33414.496
MinimumVisualStudioVersion = 10.0.40219.1
Project("{FAE04EC0-301F-11D3-BF4B-00C04F79EFBC}") = "WebApplication7", "WebApplication7\WebApplication7.csproj", "{6A161143-D751-4A5D-8D05-1C6D60C17973}"
EndProject
Global
	GlobalSection(SolutionConfigurationPlatforms) = preSolution
		Debug|Any CPU = Debug|Any CPU
		Release|Any CPU = Release|Any CPU
	EndGlobalSection
	GlobalSection(ProjectConfigurationPlatforms) = postSolution
		{6A161143-D751-4A5D-8D05-1C6D60C17973}.Debug|Any CPU.ActiveCfg = Debug|Any CPU
		{6A161143-D751-4A5D-8D05-1C6D60C17973}.Debug|Any CPU.Build.0 = Debug|Any CPU
		{6A161143-D751-4A5D-8D05-1C6D60C17973}.Release|Any CPU.ActiveCfg = Release|Any CPU
		{6A161143-D751-4A5D-8D05-1C6D60C17973}.Release|Any CPU.Build.0 = Release|Any CPU
	EndGlobalSection
	GlobalSection(SolutionProperties) = preSolution
		HideSolutionNode = FALSE
	EndGlobalSection
	GlobalSection(ExtensibilityGlobals) = postSolution
		SolutionGuid = {36D12AFF-CF07-468E-8081-997831B2FA27}
	EndGlobalSection
EndGlobal
