
Microsoft Visual Studio Solution File, Format Version 12.00
# Visual Studio Version 17
VisualStudioVersion = 17.5.33414.496
MinimumVisualStudioVersion = 10.0.40219.1
Project("{FAE04EC0-301F-11D3-BF4B-00C04F79EFBC}") = "Greater Number", "Greater Number\Greater Number.csproj", "{A9867AAF-83B1-4B5D-B7AF-BDC7F8441A37}"
EndProject
Global
	GlobalSection(SolutionConfigurationPlatforms) = preSolution
		Debug|Any CPU = Debug|Any CPU
		Release|Any CPU = Release|Any CPU
	EndGlobalSection
	GlobalSection(ProjectConfigurationPlatforms) = postSolution
		{A9867AAF-83B1-4B5D-B7AF-BDC7F8441A37}.Debug|Any CPU.ActiveCfg = Debug|Any CPU
		{A9867AAF-83B1-4B5D-B7AF-BDC7F8441A37}.Debug|Any CPU.Build.0 = Debug|Any CPU
		{A9867AAF-83B1-4B5D-B7AF-BDC7F8441A37}.Release|Any CPU.ActiveCfg = Release|Any CPU
		{A9867AAF-83B1-4B5D-B7AF-BDC7F8441A37}.Release|Any CPU.Build.0 = Release|Any CPU
	EndGlobalSection
	GlobalSection(SolutionProperties) = preSolution
		HideSolutionNode = FALSE
	EndGlobalSection
	GlobalSection(ExtensibilityGlobals) = postSolution
		SolutionGuid = {87BDAE47-BA2F-4591-A2D4-315D7624C352}
	EndGlobalSection
EndGlobal
