
Microsoft Visual Studio Solution File, Format Version 12.00
# Visual Studio Version 17
VisualStudioVersion = 17.5.33414.496
MinimumVisualStudioVersion = 10.0.40219.1
Project("{FAE04EC0-301F-11D3-BF4B-00C04F79EFBC}") = "CLASSES", "CLASSES\CLASSES.csproj", "{11EB3732-A9EB-4216-B5A9-4CF17E5F85EE}"
EndProject
Global
	GlobalSection(SolutionConfigurationPlatforms) = preSolution
		Debug|Any CPU = Debug|Any CPU
		Release|Any CPU = Release|Any CPU
	EndGlobalSection
	GlobalSection(ProjectConfigurationPlatforms) = postSolution
		{11EB3732-A9EB-4216-B5A9-4CF17E5F85EE}.Debug|Any CPU.ActiveCfg = Debug|Any CPU
		{11EB3732-A9EB-4216-B5A9-4CF17E5F85EE}.Debug|Any CPU.Build.0 = Debug|Any CPU
		{11EB3732-A9EB-4216-B5A9-4CF17E5F85EE}.Release|Any CPU.ActiveCfg = Release|Any CPU
		{11EB3732-A9EB-4216-B5A9-4CF17E5F85EE}.Release|Any CPU.Build.0 = Release|Any CPU
	EndGlobalSection
	GlobalSection(SolutionProperties) = preSolution
		HideSolutionNode = FALSE
	EndGlobalSection
	GlobalSection(ExtensibilityGlobals) = postSolution
		SolutionGuid = {DBFFAFDE-117B-44E4-AC4A-2A1D4DB33A2C}
	EndGlobalSection
EndGlobal
