
Microsoft Visual Studio Solution File, Format Version 12.00
# Visual Studio Version 17
VisualStudioVersion = 17.5.33414.496
MinimumVisualStudioVersion = 10.0.40219.1
Project("{FAE04EC0-301F-11D3-BF4B-00C04F79EFBC}") = "The Student Portal", "The Student Portal\The Student Portal.csproj", "{955AC1A8-D0E6-4240-B58F-0E2302744C87}"
EndProject
Global
	GlobalSection(SolutionConfigurationPlatforms) = preSolution
		Debug|Any CPU = Debug|Any CPU
		Release|Any CPU = Release|Any CPU
	EndGlobalSection
	GlobalSection(ProjectConfigurationPlatforms) = postSolution
		{955AC1A8-D0E6-4240-B58F-0E2302744C87}.Debug|Any CPU.ActiveCfg = Debug|Any CPU
		{955AC1A8-D0E6-4240-B58F-0E2302744C87}.Debug|Any CPU.Build.0 = Debug|Any CPU
		{955AC1A8-D0E6-4240-B58F-0E2302744C87}.Release|Any CPU.ActiveCfg = Release|Any CPU
		{955AC1A8-D0E6-4240-B58F-0E2302744C87}.Release|Any CPU.Build.0 = Release|Any CPU
	EndGlobalSection
	GlobalSection(SolutionProperties) = preSolution
		HideSolutionNode = FALSE
	EndGlobalSection
	GlobalSection(ExtensibilityGlobals) = postSolution
		SolutionGuid = {6F68F199-5B23-4D42-83FE-BA2B9907BE52}
	EndGlobalSection
EndGlobal
