
Microsoft Visual Studio Solution File, Format Version 12.00
# Visual Studio Version 17
VisualStudioVersion = 17.5.33414.496
MinimumVisualStudioVersion = 10.0.40219.1
Project("{FAE04EC0-301F-11D3-BF4B-00C04F79EFBC}") = "interface", "interface\interface.csproj", "{262C2724-6539-4CC2-A550-DAAABFBB33FE}"
EndProject
Global
	GlobalSection(SolutionConfigurationPlatforms) = preSolution
		Debug|Any CPU = Debug|Any CPU
		Release|Any CPU = Release|Any CPU
	EndGlobalSection
	GlobalSection(ProjectConfigurationPlatforms) = postSolution
		{262C2724-6539-4CC2-A550-DAAABFBB33FE}.Debug|Any CPU.ActiveCfg = Debug|Any CPU
		{262C2724-6539-4CC2-A550-DAAABFBB33FE}.Debug|Any CPU.Build.0 = Debug|Any CPU
		{262C2724-6539-4CC2-A550-DAAABFBB33FE}.Release|Any CPU.ActiveCfg = Release|Any CPU
		{262C2724-6539-4CC2-A550-DAAABFBB33FE}.Release|Any CPU.Build.0 = Release|Any CPU
	EndGlobalSection
	GlobalSection(SolutionProperties) = preSolution
		HideSolutionNode = FALSE
	EndGlobalSection
	GlobalSection(ExtensibilityGlobals) = postSolution
		SolutionGuid = {8DEDBD82-21EE-44A6-BBAB-B65979C495A5}
	EndGlobalSection
EndGlobal
