
Microsoft Visual Studio Solution File, Format Version 12.00
# Visual Studio Version 17
VisualStudioVersion = 17.5.33414.496
MinimumVisualStudioVersion = 10.0.40219.1
Project("{FAE04EC0-301F-11D3-BF4B-00C04F79EFBC}") = "WindowsFormsApp1", "WindowsFormsApp1\WindowsFormsApp1.csproj", "{A926DBF8-AE8B-4A7D-8ABD-D61AAA69F846}"
EndProject
Global
	GlobalSection(SolutionConfigurationPlatforms) = preSolution
		Debug|Any CPU = Debug|Any CPU
		Release|Any CPU = Release|Any CPU
	EndGlobalSection
	GlobalSection(ProjectConfigurationPlatforms) = postSolution
		{A926DBF8-AE8B-4A7D-8ABD-D61AAA69F846}.Debug|Any CPU.ActiveCfg = Debug|Any CPU
		{A926DBF8-AE8B-4A7D-8ABD-D61AAA69F846}.Debug|Any CPU.Build.0 = Debug|Any CPU
		{A926DBF8-AE8B-4A7D-8ABD-D61AAA69F846}.Release|Any CPU.ActiveCfg = Release|Any CPU
		{A926DBF8-AE8B-4A7D-8ABD-D61AAA69F846}.Release|Any CPU.Build.0 = Release|Any CPU
	EndGlobalSection
	GlobalSection(SolutionProperties) = preSolution
		HideSolutionNode = FALSE
	EndGlobalSection
	GlobalSection(ExtensibilityGlobals) = postSolution
		SolutionGuid = {54E4BDD2-7FE4-4823-9FF4-6C99E0C457B7}
	EndGlobalSection
EndGlobal
