
Microsoft Visual Studio Solution File, Format Version 12.00
# Visual Studio Version 17
VisualStudioVersion = 17.5.33414.496
MinimumVisualStudioVersion = 10.0.40219.1
Project("{FAE04EC0-301F-11D3-BF4B-00C04F79EFBC}") = "Encapsulation", "Encapsulation\Encapsulation.csproj", "{43DFAEFF-5861-4829-BD50-039282682DE9}"
EndProject
Global
	GlobalSection(SolutionConfigurationPlatforms) = preSolution
		Debug|Any CPU = Debug|Any CPU
		Release|Any CPU = Release|Any CPU
	EndGlobalSection
	GlobalSection(ProjectConfigurationPlatforms) = postSolution
		{43DFAEFF-5861-4829-BD50-039282682DE9}.Debug|Any CPU.ActiveCfg = Debug|Any CPU
		{43DFAEFF-5861-4829-BD50-039282682DE9}.Debug|Any CPU.Build.0 = Debug|Any CPU
		{43DFAEFF-5861-4829-BD50-039282682DE9}.Release|Any CPU.ActiveCfg = Release|Any CPU
		{43DFAEFF-5861-4829-BD50-039282682DE9}.Release|Any CPU.Build.0 = Release|Any CPU
	EndGlobalSection
	GlobalSection(SolutionProperties) = preSolution
		HideSolutionNode = FALSE
	EndGlobalSection
	GlobalSection(ExtensibilityGlobals) = postSolution
		SolutionGuid = {912FB830-5023-4C3A-8B64-A7792F91871B}
	EndGlobalSection
EndGlobal
