
Microsoft Visual Studio Solution File, Format Version 12.00
# Visual Studio Version 17
VisualStudioVersion = 17.5.33627.172
MinimumVisualStudioVersion = 10.0.40219.1
Project("{FAE04EC0-301F-11D3-BF4B-00C04F79EFBC}") = "Kam", "Kam\Kam.csproj", "{6AAB3AEA-5380-4BD7-A54E-D5D91A58E652}"
EndProject
Global
	GlobalSection(SolutionConfigurationPlatforms) = preSolution
		Debug|Any CPU = Debug|Any CPU
		Release|Any CPU = Release|Any CPU
	EndGlobalSection
	GlobalSection(ProjectConfigurationPlatforms) = postSolution
		{6AAB3AEA-5380-4BD7-A54E-D5D91A58E652}.Debug|Any CPU.ActiveCfg = Debug|Any CPU
		{6AAB3AEA-5380-4BD7-A54E-D5D91A58E652}.Debug|Any CPU.Build.0 = Debug|Any CPU
		{6AAB3AEA-5380-4BD7-A54E-D5D91A58E652}.Release|Any CPU.ActiveCfg = Release|Any CPU
		{6AAB3AEA-5380-4BD7-A54E-D5D91A58E652}.Release|Any CPU.Build.0 = Release|Any CPU
	EndGlobalSection
	GlobalSection(SolutionProperties) = preSolution
		HideSolutionNode = FALSE
	EndGlobalSection
	GlobalSection(ExtensibilityGlobals) = postSolution
		SolutionGuid = {B88A687D-0F9F-401F-8837-FD433E94F859}
	EndGlobalSection
EndGlobal
